
Microsoft Visual Studio Solution File, Format Version 12.00
# Visual Studio Version 17
VisualStudioVersion = 17.9.34714.143
MinimumVisualStudioVersion = 10.0.40219.1
Project("{FAE04EC0-301F-11D3-BF4B-00C04F79EFBC}") = "StaticModifier", "StaticModifier.csproj", "{BADDE2B3-5837-477D-9678-44BF6F558011}"
EndProject
Global
	GlobalSection(SolutionConfigurationPlatforms) = preSolution
		Debug|Any CPU = Debug|Any CPU
		Release|Any CPU = Release|Any CPU
	EndGlobalSection
	GlobalSection(ProjectConfigurationPlatforms) = postSolution
		{BADDE2B3-5837-477D-9678-44BF6F558011}.Debug|Any CPU.ActiveCfg = Debug|Any CPU
		{BADDE2B3-5837-477D-9678-44BF6F558011}.Debug|Any CPU.Build.0 = Debug|Any CPU
		{BADDE2B3-5837-477D-9678-44BF6F558011}.Release|Any CPU.ActiveCfg = Release|Any CPU
		{BADDE2B3-5837-477D-9678-44BF6F558011}.Release|Any CPU.Build.0 = Release|Any CPU
	EndGlobalSection
	GlobalSection(SolutionProperties) = preSolution
		HideSolutionNode = FALSE
	EndGlobalSection
	GlobalSection(ExtensibilityGlobals) = postSolution
		SolutionGuid = {3C9E18FC-ECE0-44BF-9877-59395F696F18}
	EndGlobalSection
EndGlobal
